// !$*UTF8*$!
{
	archiveVersion = 1;
	classes = {
	};
	objectVersion = 51;
	objects = {

/* Begin PBXBuildFile section */
		C009C4143FBCABE035BC3A4F /* Pods_Insta_Clone.framework in Frameworks */ = {isa = PBXBuildFile; fileRef = 1BB3ADBE7EC5F53E4563933F /* Pods_Insta_Clone.framework */; };
		C164B09D24180437007C12ED /* AppDelegate.swift in Sources */ = {isa = PBXBuildFile; fileRef = C164B09C24180437007C12ED /* AppDelegate.swift */; };
		C164B09F24180437007C12ED /* SceneDelegate.swift in Sources */ = {isa = PBXBuildFile; fileRef = C164B09E24180437007C12ED /* SceneDelegate.swift */; };
		C164B0A124180437007C12ED /* MainViewController.swift in Sources */ = {isa = PBXBuildFile; fileRef = C164B0A024180437007C12ED /* MainViewController.swift */; };
		C164B0A424180437007C12ED /* Main.storyboard in Resources */ = {isa = PBXBuildFile; fileRef = C164B0A224180437007C12ED /* Main.storyboard */; };
		C164B0A62418043D007C12ED /* Assets.xcassets in Resources */ = {isa = PBXBuildFile; fileRef = C164B0A52418043D007C12ED /* Assets.xcassets */; };
		C164B0A92418043D007C12ED /* LaunchScreen.storyboard in Resources */ = {isa = PBXBuildFile; fileRef = C164B0A72418043D007C12ED /* LaunchScreen.storyboard */; };
		C164B0B724180490007C12ED /* Insta_CloneTests.swift in Sources */ = {isa = PBXBuildFile; fileRef = C164B0B624180490007C12ED /* Insta_CloneTests.swift */; };
		C164B0BF24180780007C12ED /* GoogleService-Info.plist in Resources */ = {isa = PBXBuildFile; fileRef = C164B0BE24180780007C12ED /* GoogleService-Info.plist */; };
		C164B0C524180D3E007C12ED /* AuthenticationSession.swift in Sources */ = {isa = PBXBuildFile; fileRef = C164B0C424180D3E007C12ED /* AuthenticationSession.swift */; };
		C164B0C724180D75007C12ED /* StorageService.swift in Sources */ = {isa = PBXBuildFile; fileRef = C164B0C624180D75007C12ED /* StorageService.swift */; };
		C164B0C924180DBB007C12ED /* DatabaseService.swift in Sources */ = {isa = PBXBuildFile; fileRef = C164B0C824180DBB007C12ED /* DatabaseService.swift */; };
		C164B0CB24181069007C12ED /* LoginScreen.storyboard in Resources */ = {isa = PBXBuildFile; fileRef = C164B0CA24181069007C12ED /* LoginScreen.storyboard */; };
		C164B0CE24181114007C12ED /* UIViewController+Extensions.swift in Sources */ = {isa = PBXBuildFile; fileRef = C164B0CD24181114007C12ED /* UIViewController+Extensions.swift */; };
		C164B0D024181139007C12ED /* UIImage+Extensions.swift in Sources */ = {isa = PBXBuildFile; fileRef = C164B0CF24181139007C12ED /* UIImage+Extensions.swift */; };
		C164B0D22418116F007C12ED /* UIView+Extensions.swift in Sources */ = {isa = PBXBuildFile; fileRef = C164B0D12418116F007C12ED /* UIView+Extensions.swift */; };
		C164B0D424181284007C12ED /* LoginViewController.swift in Sources */ = {isa = PBXBuildFile; fileRef = C164B0D324181284007C12ED /* LoginViewController.swift */; };
		C164B0D624184F2A007C12ED /* CreatePostViewController.swift in Sources */ = {isa = PBXBuildFile; fileRef = C164B0D524184F29007C12ED /* CreatePostViewController.swift */; };
		C164B0D824184F61007C12ED /* ProfileSettingsViewController.swift in Sources */ = {isa = PBXBuildFile; fileRef = C164B0D724184F61007C12ED /* ProfileSettingsViewController.swift */; };
		C164B0DA24185858007C12ED /* PostViewController.swift in Sources */ = {isa = PBXBuildFile; fileRef = C164B0D924185858007C12ED /* PostViewController.swift */; };
		C164B0DC24185D0B007C12ED /* MainTabBarController.swift in Sources */ = {isa = PBXBuildFile; fileRef = C164B0DB24185D0A007C12ED /* MainTabBarController.swift */; };
		C164B0DE24185DE5007C12ED /* PostFeedCell.swift in Sources */ = {isa = PBXBuildFile; fileRef = C164B0DD24185DE5007C12ED /* PostFeedCell.swift */; };
/* End PBXBuildFile section */

/* Begin PBXContainerItemProxy section */
		C164B0B924180490007C12ED /* PBXContainerItemProxy */ = {
			isa = PBXContainerItemProxy;
			containerPortal = C164B09124180437007C12ED /* Project object */;
			proxyType = 1;
			remoteGlobalIDString = C164B09824180437007C12ED;
			remoteInfo = "Insta-Clone";
		};
/* End PBXContainerItemProxy section */

/* Begin PBXFileReference section */
		1BB3ADBE7EC5F53E4563933F /* Pods_Insta_Clone.framework */ = {isa = PBXFileReference; explicitFileType = wrapper.framework; includeInIndex = 0; path = Pods_Insta_Clone.framework; sourceTree = BUILT_PRODUCTS_DIR; };
		AC78FA145D2B5B35A8742897 /* Pods-Insta-Clone.release.xcconfig */ = {isa = PBXFileReference; includeInIndex = 1; lastKnownFileType = text.xcconfig; name = "Pods-Insta-Clone.release.xcconfig"; path = "Target Support Files/Pods-Insta-Clone/Pods-Insta-Clone.release.xcconfig"; sourceTree = "<group>"; };
		C164B09924180437007C12ED /* Insta-Clone.app */ = {isa = PBXFileReference; explicitFileType = wrapper.application; includeInIndex = 0; path = "Insta-Clone.app"; sourceTree = BUILT_PRODUCTS_DIR; };
		C164B09C24180437007C12ED /* AppDelegate.swift */ = {isa = PBXFileReference; lastKnownFileType = sourcecode.swift; path = AppDelegate.swift; sourceTree = "<group>"; };
		C164B09E24180437007C12ED /* SceneDelegate.swift */ = {isa = PBXFileReference; lastKnownFileType = sourcecode.swift; path = SceneDelegate.swift; sourceTree = "<group>"; };
		C164B0A024180437007C12ED /* MainViewController.swift */ = {isa = PBXFileReference; lastKnownFileType = sourcecode.swift; path = MainViewController.swift; sourceTree = "<group>"; };
		C164B0A324180437007C12ED /* Base */ = {isa = PBXFileReference; lastKnownFileType = file.storyboard; name = Base; path = Base.lproj/Main.storyboard; sourceTree = "<group>"; };
		C164B0A52418043D007C12ED /* Assets.xcassets */ = {isa = PBXFileReference; lastKnownFileType = folder.assetcatalog; path = Assets.xcassets; sourceTree = "<group>"; };
		C164B0A82418043D007C12ED /* Base */ = {isa = PBXFileReference; lastKnownFileType = file.storyboard; name = Base; path = Base.lproj/LaunchScreen.storyboard; sourceTree = "<group>"; };
		C164B0AA2418043D007C12ED /* Info.plist */ = {isa = PBXFileReference; lastKnownFileType = text.plist.xml; path = Info.plist; sourceTree = "<group>"; };
		C164B0B424180490007C12ED /* Insta-CloneTests.xctest */ = {isa = PBXFileReference; explicitFileType = wrapper.cfbundle; includeInIndex = 0; path = "Insta-CloneTests.xctest"; sourceTree = BUILT_PRODUCTS_DIR; };
		C164B0B624180490007C12ED /* Insta_CloneTests.swift */ = {isa = PBXFileReference; lastKnownFileType = sourcecode.swift; path = Insta_CloneTests.swift; sourceTree = "<group>"; };
		C164B0B824180490007C12ED /* Info.plist */ = {isa = PBXFileReference; lastKnownFileType = text.plist.xml; path = Info.plist; sourceTree = "<group>"; };
		C164B0BE24180780007C12ED /* GoogleService-Info.plist */ = {isa = PBXFileReference; fileEncoding = 4; lastKnownFileType = text.plist.xml; path = "GoogleService-Info.plist"; sourceTree = "<group>"; };
		C164B0C424180D3E007C12ED /* AuthenticationSession.swift */ = {isa = PBXFileReference; lastKnownFileType = sourcecode.swift; path = AuthenticationSession.swift; sourceTree = "<group>"; };
		C164B0C624180D75007C12ED /* StorageService.swift */ = {isa = PBXFileReference; lastKnownFileType = sourcecode.swift; path = StorageService.swift; sourceTree = "<group>"; };
		C164B0C824180DBB007C12ED /* DatabaseService.swift */ = {isa = PBXFileReference; lastKnownFileType = sourcecode.swift; path = DatabaseService.swift; sourceTree = "<group>"; };
		C164B0CA24181069007C12ED /* LoginScreen.storyboard */ = {isa = PBXFileReference; lastKnownFileType = file.storyboard; path = LoginScreen.storyboard; sourceTree = "<group>"; };
		C164B0CD24181114007C12ED /* UIViewController+Extensions.swift */ = {isa = PBXFileReference; lastKnownFileType = sourcecode.swift; path = "UIViewController+Extensions.swift"; sourceTree = "<group>"; };
		C164B0CF24181139007C12ED /* UIImage+Extensions.swift */ = {isa = PBXFileReference; lastKnownFileType = sourcecode.swift; path = "UIImage+Extensions.swift"; sourceTree = "<group>"; };
		C164B0D12418116F007C12ED /* UIView+Extensions.swift */ = {isa = PBXFileReference; lastKnownFileType = sourcecode.swift; path = "UIView+Extensions.swift"; sourceTree = "<group>"; };
		C164B0D324181284007C12ED /* LoginViewController.swift */ = {isa = PBXFileReference; lastKnownFileType = sourcecode.swift; path = LoginViewController.swift; sourceTree = "<group>"; };
		C164B0D524184F29007C12ED /* CreatePostViewController.swift */ = {isa = PBXFileReference; lastKnownFileType = sourcecode.swift; path = CreatePostViewController.swift; sourceTree = "<group>"; };
		C164B0D724184F61007C12ED /* ProfileSettingsViewController.swift */ = {isa = PBXFileReference; lastKnownFileType = sourcecode.swift; path = ProfileSettingsViewController.swift; sourceTree = "<group>"; };
		C164B0D924185858007C12ED /* PostViewController.swift */ = {isa = PBXFileReference; lastKnownFileType = sourcecode.swift; path = PostViewController.swift; sourceTree = "<group>"; };
		C164B0DB24185D0A007C12ED /* MainTabBarController.swift */ = {isa = PBXFileReference; lastKnownFileType = sourcecode.swift; path = MainTabBarController.swift; sourceTree = "<group>"; };
		C164B0DD24185DE5007C12ED /* PostFeedCell.swift */ = {isa = PBXFileReference; lastKnownFileType = sourcecode.swift; path = PostFeedCell.swift; sourceTree = "<group>"; };
		CE9D8EA094464EA6435613AB /* Pods-Insta-Clone.debug.xcconfig */ = {isa = PBXFileReference; includeInIndex = 1; lastKnownFileType = text.xcconfig; name = "Pods-Insta-Clone.debug.xcconfig"; path = "Target Support Files/Pods-Insta-Clone/Pods-Insta-Clone.debug.xcconfig"; sourceTree = "<group>"; };
/* End PBXFileReference section */

/* Begin PBXFrameworksBuildPhase section */
		C164B09624180437007C12ED /* Frameworks */ = {
			isa = PBXFrameworksBuildPhase;
			buildActionMask = 2147483647;
			files = (
				C009C4143FBCABE035BC3A4F /* Pods_Insta_Clone.framework in Frameworks */,
			);
			runOnlyForDeploymentPostprocessing = 0;
		};
		C164B0B124180490007C12ED /* Frameworks */ = {
			isa = PBXFrameworksBuildPhase;
			buildActionMask = 2147483647;
			files = (
			);
			runOnlyForDeploymentPostprocessing = 0;
		};
/* End PBXFrameworksBuildPhase section */

/* Begin PBXGroup section */
		6FBC0EA0D9449D2DBD907A54 /* Frameworks */ = {
			isa = PBXGroup;
			children = (
				1BB3ADBE7EC5F53E4563933F /* Pods_Insta_Clone.framework */,
			);
			name = Frameworks;
			sourceTree = "<group>";
		};
		C164B09024180437007C12ED = {
			isa = PBXGroup;
			children = (
				C164B09B24180437007C12ED /* Insta-Clone */,
				C164B0B524180490007C12ED /* Insta-CloneTests */,
				C164B09A24180437007C12ED /* Products */,
				DD25F48706301DA39C129522 /* Pods */,
				6FBC0EA0D9449D2DBD907A54 /* Frameworks */,
			);
			sourceTree = "<group>";
		};
		C164B09A24180437007C12ED /* Products */ = {
			isa = PBXGroup;
			children = (
				C164B09924180437007C12ED /* Insta-Clone.app */,
				C164B0B424180490007C12ED /* Insta-CloneTests.xctest */,
			);
			name = Products;
			sourceTree = "<group>";
		};
		C164B09B24180437007C12ED /* Insta-Clone */ = {
			isa = PBXGroup;
			children = (
				C164B0C324180D05007C12ED /* Firebase_Services */,
				C164B0C024180CD7007C12ED /* Supporting Files */,
				C164B0DF24185DF9007C12ED /* Cells */,
				C164B0C124180CDE007C12ED /* View Controllers */,
				C164B0CC241810F8007C12ED /* Extensions */,
				C164B0C224180CF8007C12ED /* Storyboards */,
				C164B0A52418043D007C12ED /* Assets.xcassets */,
				C164B0AA2418043D007C12ED /* Info.plist */,
				C164B0BE24180780007C12ED /* GoogleService-Info.plist */,
			);
			path = "Insta-Clone";
			sourceTree = "<group>";
		};
		C164B0B524180490007C12ED /* Insta-CloneTests */ = {
			isa = PBXGroup;
			children = (
				C164B0B624180490007C12ED /* Insta_CloneTests.swift */,
				C164B0B824180490007C12ED /* Info.plist */,
			);
			path = "Insta-CloneTests";
			sourceTree = "<group>";
		};
		C164B0C024180CD7007C12ED /* Supporting Files */ = {
			isa = PBXGroup;
			children = (
				C164B09C24180437007C12ED /* AppDelegate.swift */,
				C164B09E24180437007C12ED /* SceneDelegate.swift */,
			);
			path = "Supporting Files";
			sourceTree = "<group>";
		};
		C164B0C124180CDE007C12ED /* View Controllers */ = {
			isa = PBXGroup;
			children = (
				C164B0A024180437007C12ED /* MainViewController.swift */,
				C164B0DB24185D0A007C12ED /* MainTabBarController.swift */,
				C164B0D524184F29007C12ED /* CreatePostViewController.swift */,
				C164B0D724184F61007C12ED /* ProfileSettingsViewController.swift */,
				C164B0D324181284007C12ED /* LoginViewController.swift */,
				C164B0D924185858007C12ED /* PostViewController.swift */,
			);
			path = "View Controllers";
			sourceTree = "<group>";
		};
		C164B0C224180CF8007C12ED /* Storyboards */ = {
			isa = PBXGroup;
			children = (
				C164B0CA24181069007C12ED /* LoginScreen.storyboard */,
				C164B0A224180437007C12ED /* Main.storyboard */,
				C164B0A72418043D007C12ED /* LaunchScreen.storyboard */,
			);
			path = Storyboards;
			sourceTree = "<group>";
		};
		C164B0C324180D05007C12ED /* Firebase_Services */ = {
			isa = PBXGroup;
			children = (
				C164B0C424180D3E007C12ED /* AuthenticationSession.swift */,
				C164B0C624180D75007C12ED /* StorageService.swift */,
				C164B0C824180DBB007C12ED /* DatabaseService.swift */,
			);
			path = Firebase_Services;
			sourceTree = "<group>";
		};
		C164B0CC241810F8007C12ED /* Extensions */ = {
			isa = PBXGroup;
			children = (
				C164B0CD24181114007C12ED /* UIViewController+Extensions.swift */,
				C164B0CF24181139007C12ED /* UIImage+Extensions.swift */,
				C164B0D12418116F007C12ED /* UIView+Extensions.swift */,
			);
			path = Extensions;
			sourceTree = "<group>";
		};
		C164B0DF24185DF9007C12ED /* Cells */ = {
			isa = PBXGroup;
			children = (
				C164B0DD24185DE5007C12ED /* PostFeedCell.swift */,
			);
			path = Cells;
			sourceTree = "<group>";
		};
		DD25F48706301DA39C129522 /* Pods */ = {
			isa = PBXGroup;
			children = (
				CE9D8EA094464EA6435613AB /* Pods-Insta-Clone.debug.xcconfig */,
				AC78FA145D2B5B35A8742897 /* Pods-Insta-Clone.release.xcconfig */,
			);
			path = Pods;
			sourceTree = "<group>";
		};
/* End PBXGroup section */

/* Begin PBXNativeTarget section */
		C164B09824180437007C12ED /* Insta-Clone */ = {
			isa = PBXNativeTarget;
			buildConfigurationList = C164B0AD2418043D007C12ED /* Build configuration list for PBXNativeTarget "Insta-Clone" */;
			buildPhases = (
				BE286289177E948CF9559575 /* [CP] Check Pods Manifest.lock */,
				C164B09524180437007C12ED /* Sources */,
				C164B09624180437007C12ED /* Frameworks */,
				C164B09724180437007C12ED /* Resources */,
				43A3AC644C0AB206544915ED /* [CP] Embed Pods Frameworks */,
			);
			buildRules = (
			);
			dependencies = (
			);
			name = "Insta-Clone";
			productName = "Insta-Clone";
			productReference = C164B09924180437007C12ED /* Insta-Clone.app */;
			productType = "com.apple.product-type.application";
		};
		C164B0B324180490007C12ED /* Insta-CloneTests */ = {
			isa = PBXNativeTarget;
			buildConfigurationList = C164B0BB24180491007C12ED /* Build configuration list for PBXNativeTarget "Insta-CloneTests" */;
			buildPhases = (
				C164B0B024180490007C12ED /* Sources */,
				C164B0B124180490007C12ED /* Frameworks */,
				C164B0B224180490007C12ED /* Resources */,
			);
			buildRules = (
			);
			dependencies = (
				C164B0BA24180490007C12ED /* PBXTargetDependency */,
			);
			name = "Insta-CloneTests";
			productName = "Insta-CloneTests";
			productReference = C164B0B424180490007C12ED /* Insta-CloneTests.xctest */;
			productType = "com.apple.product-type.bundle.unit-test";
		};
/* End PBXNativeTarget section */

/* Begin PBXProject section */
		C164B09124180437007C12ED /* Project object */ = {
			isa = PBXProject;
			attributes = {
				LastSwiftUpdateCheck = 1130;
				LastUpgradeCheck = 1130;
				ORGANIZATIONNAME = "Gregory Keeley";
				TargetAttributes = {
					C164B09824180437007C12ED = {
						CreatedOnToolsVersion = 11.3.1;
					};
					C164B0B324180490007C12ED = {
						CreatedOnToolsVersion = 11.3.1;
						TestTargetID = C164B09824180437007C12ED;
					};
				};
			};
			buildConfigurationList = C164B09424180437007C12ED /* Build configuration list for PBXProject "Insta-Clone" */;
			compatibilityVersion = "Xcode 9.3";
			developmentRegion = en;
			hasScannedForEncodings = 0;
			knownRegions = (
				en,
				Base,
			);
			mainGroup = C164B09024180437007C12ED;
			productRefGroup = C164B09A24180437007C12ED /* Products */;
			projectDirPath = "";
			projectRoot = "";
			targets = (
				C164B09824180437007C12ED /* Insta-Clone */,
				C164B0B324180490007C12ED /* Insta-CloneTests */,
			);
		};
/* End PBXProject section */

/* Begin PBXResourcesBuildPhase section */
		C164B09724180437007C12ED /* Resources */ = {
			isa = PBXResourcesBuildPhase;
			buildActionMask = 2147483647;
			files = (
				C164B0A92418043D007C12ED /* LaunchScreen.storyboard in Resources */,
				C164B0A62418043D007C12ED /* Assets.xcassets in Resources */,
				C164B0BF24180780007C12ED /* GoogleService-Info.plist in Resources */,
				C164B0CB24181069007C12ED /* LoginScreen.storyboard in Resources */,
				C164B0A424180437007C12ED /* Main.storyboard in Resources */,
			);
			runOnlyForDeploymentPostprocessing = 0;
		};
		C164B0B224180490007C12ED /* Resources */ = {
			isa = PBXResourcesBuildPhase;
			buildActionMask = 2147483647;
			files = (
			);
			runOnlyForDeploymentPostprocessing = 0;
		};
/* End PBXResourcesBuildPhase section */

/* Begin PBXShellScriptBuildPhase section */
		43A3AC644C0AB206544915ED /* [CP] Embed Pods Frameworks */ = {
			isa = PBXShellScriptBuildPhase;
			buildActionMask = 2147483647;
			files = (
			);
			inputFileListPaths = (
				"${PODS_ROOT}/Target Support Files/Pods-Insta-Clone/Pods-Insta-Clone-frameworks-${CONFIGURATION}-input-files.xcfilelist",
			);
			name = "[CP] Embed Pods Frameworks";
			outputFileListPaths = (
				"${PODS_ROOT}/Target Support Files/Pods-Insta-Clone/Pods-Insta-Clone-frameworks-${CONFIGURATION}-output-files.xcfilelist",
			);
			runOnlyForDeploymentPostprocessing = 0;
			shellPath = /bin/sh;
			shellScript = "\"${PODS_ROOT}/Target Support Files/Pods-Insta-Clone/Pods-Insta-Clone-frameworks.sh\"\n";
			showEnvVarsInLog = 0;
		};
		BE286289177E948CF9559575 /* [CP] Check Pods Manifest.lock */ = {
			isa = PBXShellScriptBuildPhase;
			buildActionMask = 2147483647;
			files = (
			);
			inputFileListPaths = (
			);
			inputPaths = (
				"${PODS_PODFILE_DIR_PATH}/Podfile.lock",
				"${PODS_ROOT}/Manifest.lock",
			);
			name = "[CP] Check Pods Manifest.lock";
			outputFileListPaths = (
			);
			outputPaths = (
				"$(DERIVED_FILE_DIR)/Pods-Insta-Clone-checkManifestLockResult.txt",
			);
			runOnlyForDeploymentPostprocessing = 0;
			shellPath = /bin/sh;
			shellScript = "diff \"${PODS_PODFILE_DIR_PATH}/Podfile.lock\" \"${PODS_ROOT}/Manifest.lock\" > /dev/null\nif [ $? != 0 ] ; then\n    # print error to STDERR\n    echo \"error: The sandbox is not in sync with the Podfile.lock. Run 'pod install' or update your CocoaPods installation.\" >&2\n    exit 1\nfi\n# This output is used by Xcode 'outputs' to avoid re-running this script phase.\necho \"SUCCESS\" > \"${SCRIPT_OUTPUT_FILE_0}\"\n";
			showEnvVarsInLog = 0;
		};
/* End PBXShellScriptBuildPhase section */

/* Begin PBXSourcesBuildPhase section */
		C164B09524180437007C12ED /* Sources */ = {
			isa = PBXSourcesBuildPhase;
			buildActionMask = 2147483647;
			files = (
				C164B0C924180DBB007C12ED /* DatabaseService.swift in Sources */,
				C164B0DE24185DE5007C12ED /* PostFeedCell.swift in Sources */,
				C164B0C724180D75007C12ED /* StorageService.swift in Sources */,
				C164B0A124180437007C12ED /* MainViewController.swift in Sources */,
				C164B0DA24185858007C12ED /* PostViewController.swift in Sources */,
				C164B0D22418116F007C12ED /* UIView+Extensions.swift in Sources */,
				C164B0CE24181114007C12ED /* UIViewController+Extensions.swift in Sources */,
				C164B09D24180437007C12ED /* AppDelegate.swift in Sources */,
				C164B0C524180D3E007C12ED /* AuthenticationSession.swift in Sources */,
				C164B0D824184F61007C12ED /* ProfileSettingsViewController.swift in Sources */,
				C164B0D624184F2A007C12ED /* CreatePostViewController.swift in Sources */,
				C164B0DC24185D0B007C12ED /* MainTabBarController.swift in Sources */,
				C164B09F24180437007C12ED /* SceneDelegate.swift in Sources */,
				C164B0D424181284007C12ED /* LoginViewController.swift in Sources */,
				C164B0D024181139007C12ED /* UIImage+Extensions.swift in Sources */,
			);
			runOnlyForDeploymentPostprocessing = 0;
		};
		C164B0B024180490007C12ED /* Sources */ = {
			isa = PBXSourcesBuildPhase;
			buildActionMask = 2147483647;
			files = (
				C164B0B724180490007C12ED /* Insta_CloneTests.swift in Sources */,
			);
			runOnlyForDeploymentPostprocessing = 0;
		};
/* End PBXSourcesBuildPhase section */

/* Begin PBXTargetDependency section */
		C164B0BA24180490007C12ED /* PBXTargetDependency */ = {
			isa = PBXTargetDependency;
			target = C164B09824180437007C12ED /* Insta-Clone */;
			targetProxy = C164B0B924180490007C12ED /* PBXContainerItemProxy */;
		};
/* End PBXTargetDependency section */

/* Begin PBXVariantGroup section */
		C164B0A224180437007C12ED /* Main.storyboard */ = {
			isa = PBXVariantGroup;
			children = (
				C164B0A324180437007C12ED /* Base */,
			);
			name = Main.storyboard;
			sourceTree = "<group>";
		};
		C164B0A72418043D007C12ED /* LaunchScreen.storyboard */ = {
			isa = PBXVariantGroup;
			children = (
				C164B0A82418043D007C12ED /* Base */,
			);
			name = LaunchScreen.storyboard;
			sourceTree = "<group>";
		};
/* End PBXVariantGroup section */

/* Begin XCBuildConfiguration section */
		C164B0AB2418043D007C12ED /* Debug */ = {
			isa = XCBuildConfiguration;
			buildSettings = {
				ALWAYS_SEARCH_USER_PATHS = NO;
				CLANG_ANALYZER_NONNULL = YES;
				CLANG_ANALYZER_NUMBER_OBJECT_CONVERSION = YES_AGGRESSIVE;
				CLANG_CXX_LANGUAGE_STANDARD = "gnu++14";
				CLANG_CXX_LIBRARY = "libc++";
				CLANG_ENABLE_MODULES = YES;
				CLANG_ENABLE_OBJC_ARC = YES;
				CLANG_ENABLE_OBJC_WEAK = YES;
				CLANG_WARN_BLOCK_CAPTURE_AUTORELEASING = YES;
				CLANG_WARN_BOOL_CONVERSION = YES;
				CLANG_WARN_COMMA = YES;
				CLANG_WARN_CONSTANT_CONVERSION = YES;
				CLANG_WARN_DEPRECATED_OBJC_IMPLEMENTATIONS = YES;
				CLANG_WARN_DIRECT_OBJC_ISA_USAGE = YES_ERROR;
				CLANG_WARN_DOCUMENTATION_COMMENTS = YES;
				CLANG_WARN_EMPTY_BODY = YES;
				CLANG_WARN_ENUM_CONVERSION = YES;
				CLANG_WARN_INFINITE_RECURSION = YES;
				CLANG_WARN_INT_CONVERSION = YES;
				CLANG_WARN_NON_LITERAL_NULL_CONVERSION = YES;
				CLANG_WARN_OBJC_IMPLICIT_RETAIN_SELF = YES;
				CLANG_WARN_OBJC_LITERAL_CONVERSION = YES;
				CLANG_WARN_OBJC_ROOT_CLASS = YES_ERROR;
				CLANG_WARN_RANGE_LOOP_ANALYSIS = YES;
				CLANG_WARN_STRICT_PROTOTYPES = YES;
				CLANG_WARN_SUSPICIOUS_MOVE = YES;
				CLANG_WARN_UNGUARDED_AVAILABILITY = YES_AGGRESSIVE;
				CLANG_WARN_UNREACHABLE_CODE = YES;
				CLANG_WARN__DUPLICATE_METHOD_MATCH = YES;
				COPY_PHASE_STRIP = NO;
				DEBUG_INFORMATION_FORMAT = dwarf;
				ENABLE_STRICT_OBJC_MSGSEND = YES;
				ENABLE_TESTABILITY = YES;
				GCC_C_LANGUAGE_STANDARD = gnu11;
				GCC_DYNAMIC_NO_PIC = NO;
				GCC_NO_COMMON_BLOCKS = YES;
				GCC_OPTIMIZATION_LEVEL = 0;
				GCC_PREPROCESSOR_DEFINITIONS = (
					"DEBUG=1",
					"$(inherited)",
				);
				GCC_WARN_64_TO_32_BIT_CONVERSION = YES;
				GCC_WARN_ABOUT_RETURN_TYPE = YES_ERROR;
				GCC_WARN_UNDECLARED_SELECTOR = YES;
				GCC_WARN_UNINITIALIZED_AUTOS = YES_AGGRESSIVE;
				GCC_WARN_UNUSED_FUNCTION = YES;
				GCC_WARN_UNUSED_VARIABLE = YES;
				IPHONEOS_DEPLOYMENT_TARGET = 13.2;
				MTL_ENABLE_DEBUG_INFO = INCLUDE_SOURCE;
				MTL_FAST_MATH = YES;
				ONLY_ACTIVE_ARCH = YES;
				SDKROOT = iphoneos;
				SWIFT_ACTIVE_COMPILATION_CONDITIONS = DEBUG;
				SWIFT_OPTIMIZATION_LEVEL = "-Onone";
			};
			name = Debug;
		};
		C164B0AC2418043D007C12ED /* Release */ = {
			isa = XCBuildConfiguration;
			buildSettings = {
				ALWAYS_SEARCH_USER_PATHS = NO;
				CLANG_ANALYZER_NONNULL = YES;
				CLANG_ANALYZER_NUMBER_OBJECT_CONVERSION = YES_AGGRESSIVE;
				CLANG_CXX_LANGUAGE_STANDARD = "gnu++14";
				CLANG_CXX_LIBRARY = "libc++";
				CLANG_ENABLE_MODULES = YES;
				CLANG_ENABLE_OBJC_ARC = YES;
				CLANG_ENABLE_OBJC_WEAK = YES;
				CLANG_WARN_BLOCK_CAPTURE_AUTORELEASING = YES;
				CLANG_WARN_BOOL_CONVERSION = YES;
				CLANG_WARN_COMMA = YES;
				CLANG_WARN_CONSTANT_CONVERSION = YES;
				CLANG_WARN_DEPRECATED_OBJC_IMPLEMENTATIONS = YES;
				CLANG_WARN_DIRECT_OBJC_ISA_USAGE = YES_ERROR;
				CLANG_WARN_DOCUMENTATION_COMMENTS = YES;
				CLANG_WARN_EMPTY_BODY = YES;
				CLANG_WARN_ENUM_CONVERSION = YES;
				CLANG_WARN_INFINITE_RECURSION = YES;
				CLANG_WARN_INT_CONVERSION = YES;
				CLANG_WARN_NON_LITERAL_NULL_CONVERSION = YES;
				CLANG_WARN_OBJC_IMPLICIT_RETAIN_SELF = YES;
				CLANG_WARN_OBJC_LITERAL_CONVERSION = YES;
				CLANG_WARN_OBJC_ROOT_CLASS = YES_ERROR;
				CLANG_WARN_RANGE_LOOP_ANALYSIS = YES;
				CLANG_WARN_STRICT_PROTOTYPES = YES;
				CLANG_WARN_SUSPICIOUS_MOVE = YES;
				CLANG_WARN_UNGUARDED_AVAILABILITY = YES_AGGRESSIVE;
				CLANG_WARN_UNREACHABLE_CODE = YES;
				CLANG_WARN__DUPLICATE_METHOD_MATCH = YES;
				COPY_PHASE_STRIP = NO;
				DEBUG_INFORMATION_FORMAT = "dwarf-with-dsym";
				ENABLE_NS_ASSERTIONS = NO;
				ENABLE_STRICT_OBJC_MSGSEND = YES;
				GCC_C_LANGUAGE_STANDARD = gnu11;
				GCC_NO_COMMON_BLOCKS = YES;
				GCC_WARN_64_TO_32_BIT_CONVERSION = YES;
				GCC_WARN_ABOUT_RETURN_TYPE = YES_ERROR;
				GCC_WARN_UNDECLARED_SELECTOR = YES;
				GCC_WARN_UNINITIALIZED_AUTOS = YES_AGGRESSIVE;
				GCC_WARN_UNUSED_FUNCTION = YES;
				GCC_WARN_UNUSED_VARIABLE = YES;
				IPHONEOS_DEPLOYMENT_TARGET = 13.2;
				MTL_ENABLE_DEBUG_INFO = NO;
				MTL_FAST_MATH = YES;
				SDKROOT = iphoneos;
				SWIFT_COMPILATION_MODE = wholemodule;
				SWIFT_OPTIMIZATION_LEVEL = "-O";
				VALIDATE_PRODUCT = YES;
			};
			name = Release;
		};
		C164B0AE2418043D007C12ED /* Debug */ = {
			isa = XCBuildConfiguration;
			baseConfigurationReference = CE9D8EA094464EA6435613AB /* Pods-Insta-Clone.debug.xcconfig */;
			buildSettings = {
				ASSETCATALOG_COMPILER_APPICON_NAME = AppIcon;
				CODE_SIGN_STYLE = Automatic;
				DEVELOPMENT_TEAM = 26RHXP32FH;
				INFOPLIST_FILE = "Insta-Clone/Info.plist";
				LD_RUNPATH_SEARCH_PATHS = (
					"$(inherited)",
					"@executable_path/Frameworks",
				);
				PRODUCT_BUNDLE_IDENTIFIER = "org.gregkeeley.Insta-Clone";
				PRODUCT_NAME = "$(TARGET_NAME)";
				SWIFT_VERSION = 5.0;
				TARGETED_DEVICE_FAMILY = "1,2";
			};
			name = Debug;
		};
		C164B0AF2418043D007C12ED /* Release */ = {
			isa = XCBuildConfiguration;
			baseConfigurationReference = AC78FA145D2B5B35A8742897 /* Pods-Insta-Clone.release.xcconfig */;
			buildSettings = {
				ASSETCATALOG_COMPILER_APPICON_NAME = AppIcon;
				CODE_SIGN_STYLE = Automatic;
				DEVELOPMENT_TEAM = 26RHXP32FH;
				INFOPLIST_FILE = "Insta-Clone/Info.plist";
				LD_RUNPATH_SEARCH_PATHS = (
					"$(inherited)",
					"@executable_path/Frameworks",
				);
				PRODUCT_BUNDLE_IDENTIFIER = "org.gregkeeley.Insta-Clone";
				PRODUCT_NAME = "$(TARGET_NAME)";
				SWIFT_VERSION = 5.0;
				TARGETED_DEVICE_FAMILY = "1,2";
			};
			name = Release;
		};
		C164B0BC24180491007C12ED /* Debug */ = {
			isa = XCBuildConfiguration;
			buildSettings = {
				BUNDLE_LOADER = "$(TEST_HOST)";
				CODE_SIGN_STYLE = Automatic;
				DEVELOPMENT_TEAM = 26RHXP32FH;
				INFOPLIST_FILE = "Insta-CloneTests/Info.plist";
				LD_RUNPATH_SEARCH_PATHS = (
					"$(inherited)",
					"@executable_path/Frameworks",
					"@loader_path/Frameworks",
				);
				PRODUCT_BUNDLE_IDENTIFIER = "org.gregkeeley.Insta-CloneTests";
				PRODUCT_NAME = "$(TARGET_NAME)";
				SWIFT_VERSION = 5.0;
				TARGETED_DEVICE_FAMILY = "1,2";
				TEST_HOST = "$(BUILT_PRODUCTS_DIR)/Insta-Clone.app/Insta-Clone";
			};
			name = Debug;
		};
		C164B0BD24180491007C12ED /* Release */ = {
			isa = XCBuildConfiguration;
			buildSettings = {
				BUNDLE_LOADER = "$(TEST_HOST)";
				CODE_SIGN_STYLE = Automatic;
				DEVELOPMENT_TEAM = 26RHXP32FH;
				INFOPLIST_FILE = "Insta-CloneTests/Info.plist";
				LD_RUNPATH_SEARCH_PATHS = (
					"$(inherited)",
					"@executable_path/Frameworks",
					"@loader_path/Frameworks",
				);
				PRODUCT_BUNDLE_IDENTIFIER = "org.gregkeeley.Insta-CloneTests";
				PRODUCT_NAME = "$(TARGET_NAME)";
				SWIFT_VERSION = 5.0;
				TARGETED_DEVICE_FAMILY = "1,2";
				TEST_HOST = "$(BUILT_PRODUCTS_DIR)/Insta-Clone.app/Insta-Clone";
			};
			name = Release;
		};
/* End XCBuildConfiguration section */

/* Begin XCConfigurationList section */
		C164B09424180437007C12ED /* Build configuration list for PBXProject "Insta-Clone" */ = {
			isa = XCConfigurationList;
			buildConfigurations = (
				C164B0AB2418043D007C12ED /* Debug */,
				C164B0AC2418043D007C12ED /* Release */,
			);
			defaultConfigurationIsVisible = 0;
			defaultConfigurationName = Release;
		};
		C164B0AD2418043D007C12ED /* Build configuration list for PBXNativeTarget "Insta-Clone" */ = {
			isa = XCConfigurationList;
			buildConfigurations = (
				C164B0AE2418043D007C12ED /* Debug */,
				C164B0AF2418043D007C12ED /* Release */,
			);
			defaultConfigurationIsVisible = 0;
			defaultConfigurationName = Release;
		};
		C164B0BB24180491007C12ED /* Build configuration list for PBXNativeTarget "Insta-CloneTests" */ = {
			isa = XCConfigurationList;
			buildConfigurations = (
				C164B0BC24180491007C12ED /* Debug */,
				C164B0BD24180491007C12ED /* Release */,
			);
			defaultConfigurationIsVisible = 0;
			defaultConfigurationName = Release;
		};
/* End XCConfigurationList section */
	};
	rootObject = C164B09124180437007C12ED /* Project object */;
}
